
Microsoft Visual Studio Solution File, Format Version 12.00
# Visual Studio Version 17
VisualStudioVersion = 17.9.34622.214
MinimumVisualStudioVersion = 10.0.40219.1
Project("{FAE04EC0-301F-11D3-BF4B-00C04F79EFBC}") = "order_controller", "order_controller.csproj", "{BB148FC8-4BEC-4A67-BE28-DBD6A9F98395}"
EndProject
Global
	GlobalSection(SolutionConfigurationPlatforms) = preSolution
		Debug|Any CPU = Debug|Any CPU
		Release|Any CPU = Release|Any CPU
	EndGlobalSection
	GlobalSection(ProjectConfigurationPlatforms) = postSolution
		{BB148FC8-4BEC-4A67-BE28-DBD6A9F98395}.Debug|Any CPU.ActiveCfg = Debug|Any CPU
		{BB148FC8-4BEC-4A67-BE28-DBD6A9F98395}.Debug|Any CPU.Build.0 = Debug|Any CPU
		{BB148FC8-4BEC-4A67-BE28-DBD6A9F98395}.Release|Any CPU.ActiveCfg = Release|Any CPU
		{BB148FC8-4BEC-4A67-BE28-DBD6A9F98395}.Release|Any CPU.Build.0 = Release|Any CPU
	EndGlobalSection
	GlobalSection(SolutionProperties) = preSolution
		HideSolutionNode = FALSE
	EndGlobalSection
	GlobalSection(ExtensibilityGlobals) = postSolution
		SolutionGuid = {1A1C91D0-6676-4627-ABC8-675290AD8290}
	EndGlobalSection
EndGlobal
